
Microsoft Visual Studio Solution File, Format Version 12.00
# Visual Studio 15
VisualStudioVersion = 15.0.27428.1
MinimumVisualStudioVersion = 10.0.40219.1
Project("{FAE04EC0-301F-11D3-BF4B-00C04F79EFBC}") = "Linq-Generic-Compare", "ConsoleApp1\Linq-Generic-Compare.csproj", "{F88B2F24-815A-4397-B459-DDA5E319A5B1}"
EndProject
Project("{FAE04EC0-301F-11D3-BF4B-00C04F79EFBC}") = "AutoMapper", "AutoMapper\AutoMapper.csproj", "{B1D4E8A9-23A4-4958-ABE6-D61A91DE3E6E}"
EndProject
Global
	GlobalSection(SolutionConfigurationPlatforms) = preSolution
		Debug|Any CPU = Debug|Any CPU
		Release|Any CPU = Release|Any CPU
	EndGlobalSection
	GlobalSection(ProjectConfigurationPlatforms) = postSolution
		{F88B2F24-815A-4397-B459-DDA5E319A5B1}.Debug|Any CPU.ActiveCfg = Debug|Any CPU
		{F88B2F24-815A-4397-B459-DDA5E319A5B1}.Debug|Any CPU.Build.0 = Debug|Any CPU
		{F88B2F24-815A-4397-B459-DDA5E319A5B1}.Release|Any CPU.ActiveCfg = Release|Any CPU
		{F88B2F24-815A-4397-B459-DDA5E319A5B1}.Release|Any CPU.Build.0 = Release|Any CPU
		{B1D4E8A9-23A4-4958-ABE6-D61A91DE3E6E}.Debug|Any CPU.ActiveCfg = Debug|Any CPU
		{B1D4E8A9-23A4-4958-ABE6-D61A91DE3E6E}.Debug|Any CPU.Build.0 = Debug|Any CPU
		{B1D4E8A9-23A4-4958-ABE6-D61A91DE3E6E}.Release|Any CPU.ActiveCfg = Release|Any CPU
		{B1D4E8A9-23A4-4958-ABE6-D61A91DE3E6E}.Release|Any CPU.Build.0 = Release|Any CPU
	EndGlobalSection
	GlobalSection(SolutionProperties) = preSolution
		HideSolutionNode = FALSE
	EndGlobalSection
	GlobalSection(ExtensibilityGlobals) = postSolution
		SolutionGuid = {CEF6349B-9F2D-44FC-8416-C9D183A0548C}
	EndGlobalSection
EndGlobal
